
Microsoft Visual Studio Solution File, Format Version 12.00
# Visual Studio Version 17
VisualStudioVersion = 17.11.35222.181
MinimumVisualStudioVersion = 10.0.40219.1
Project("{FAE04EC0-301F-11D3-BF4B-00C04F79EFBC}") = "TaskMagament", "TaskMagament\TaskMagament.csproj", "{9B4B4D1A-3346-4736-BA2F-9E91C32A6B73}"
EndProject
Global
	GlobalSection(SolutionConfigurationPlatforms) = preSolution
		Debug|Any CPU = Debug|Any CPU
		Release|Any CPU = Release|Any CPU
	EndGlobalSection
	GlobalSection(ProjectConfigurationPlatforms) = postSolution
		{9B4B4D1A-3346-4736-BA2F-9E91C32A6B73}.Debug|Any CPU.ActiveCfg = Debug|Any CPU
		{9B4B4D1A-3346-4736-BA2F-9E91C32A6B73}.Debug|Any CPU.Build.0 = Debug|Any CPU
		{9B4B4D1A-3346-4736-BA2F-9E91C32A6B73}.Release|Any CPU.ActiveCfg = Release|Any CPU
		{9B4B4D1A-3346-4736-BA2F-9E91C32A6B73}.Release|Any CPU.Build.0 = Release|Any CPU
	EndGlobalSection
	GlobalSection(SolutionProperties) = preSolution
		HideSolutionNode = FALSE
	EndGlobalSection
	GlobalSection(ExtensibilityGlobals) = postSolution
		SolutionGuid = {46808769-AB1E-40D4-992F-A74776BE708D}
	EndGlobalSection
EndGlobal
